
Microsoft Visual Studio Solution File, Format Version 11.00
# Visual C# Express 2010
Project("{FAE04EC0-301F-11D3-BF4B-00C04F79EFBC}") = "Predator of the Pond", "Predator of the Pond\Predator of the Pond\Predator of the Pond.csproj", "{F495B900-9B03-430F-A7EF-6842FDB5484A}"
EndProject
Project("{96E2B04D-8817-42C6-938A-82C39BA4D311}") = "Predator of the PondContent", "Predator of the Pond\Predator of the PondContent\Predator of the PondContent.contentproj", "{189A79F9-B837-45A2-A54B-B7418F38556D}"
EndProject
Global
	GlobalSection(SolutionConfigurationPlatforms) = preSolution
		Debug|x86 = Debug|x86
		Release|x86 = Release|x86
	EndGlobalSection
	GlobalSection(ProjectConfigurationPlatforms) = postSolution
		{F495B900-9B03-430F-A7EF-6842FDB5484A}.Debug|x86.ActiveCfg = Debug|x86
		{F495B900-9B03-430F-A7EF-6842FDB5484A}.Debug|x86.Build.0 = Debug|x86
		{F495B900-9B03-430F-A7EF-6842FDB5484A}.Release|x86.ActiveCfg = Release|x86
		{F495B900-9B03-430F-A7EF-6842FDB5484A}.Release|x86.Build.0 = Release|x86
		{189A79F9-B837-45A2-A54B-B7418F38556D}.Debug|x86.ActiveCfg = Debug|x86
		{189A79F9-B837-45A2-A54B-B7418F38556D}.Release|x86.ActiveCfg = Release|x86
	EndGlobalSection
	GlobalSection(SolutionProperties) = preSolution
		HideSolutionNode = FALSE
	EndGlobalSection
EndGlobal
